// !$*UTF8*$!
{
	archiveVersion = 1;
	classes = {
	};
	objectVersion = 46;
	objects = {

/* Begin PBXBuildFile section */
		F34680511DBF3D2C00BF7BFA /* main.m in Sources */ = {isa = PBXBuildFile; fileRef = F34680501DBF3D2C00BF7BFA /* main.m */; };
		F34680541DBF3D2C00BF7BFA /* AppDelegate.m in Sources */ = {isa = PBXBuildFile; fileRef = F34680531DBF3D2C00BF7BFA /* AppDelegate.m */; };
		F34680571DBF3D2C00BF7BFA /* ViewController.m in Sources */ = {isa = PBXBuildFile; fileRef = F34680561DBF3D2C00BF7BFA /* ViewController.m */; };
		F346805A1DBF3D2C00BF7BFA /* Main.storyboard in Resources */ = {isa = PBXBuildFile; fileRef = F34680581DBF3D2C00BF7BFA /* Main.storyboard */; };
		F346805C1DBF3D2C00BF7BFA /* Assets.xcassets in Resources */ = {isa = PBXBuildFile; fileRef = F346805B1DBF3D2C00BF7BFA /* Assets.xcassets */; };
		F346805F1DBF3D2C00BF7BFA /* LaunchScreen.storyboard in Resources */ = {isa = PBXBuildFile; fileRef = F346805D1DBF3D2C00BF7BFA /* LaunchScreen.storyboard */; };
		F346806A1DBF3D2C00BF7BFA /* ToolsTests.m in Sources */ = {isa = PBXBuildFile; fileRef = F34680691DBF3D2C00BF7BFA /* ToolsTests.m */; };
		F34680751DBF3D2C00BF7BFA /* ToolsUITests.m in Sources */ = {isa = PBXBuildFile; fileRef = F34680741DBF3D2C00BF7BFA /* ToolsUITests.m */; };
		F34680871DBF3F8C00BF7BFA /* WHISPERSTools.m in Sources */ = {isa = PBXBuildFile; fileRef = F34680861DBF3F8C00BF7BFA /* WHISPERSTools.m */; };
		F3AB52531DBF40CE0053551E /* Reachability.m in Sources */ = {isa = PBXBuildFile; fileRef = F3AB52521DBF40CE0053551E /* Reachability.m */; settings = {COMPILER_FLAGS = "-fno-objc-arc"; }; };
/* End PBXBuildFile section */

/* Begin PBXContainerItemProxy section */
		F34680661DBF3D2C00BF7BFA /* PBXContainerItemProxy */ = {
			isa = PBXContainerItemProxy;
			containerPortal = F34680441DBF3D2C00BF7BFA /* Project object */;
			proxyType = 1;
			remoteGlobalIDString = F346804B1DBF3D2C00BF7BFA;
			remoteInfo = Tools;
		};
		F34680711DBF3D2C00BF7BFA /* PBXContainerItemProxy */ = {
			isa = PBXContainerItemProxy;
			containerPortal = F34680441DBF3D2C00BF7BFA /* Project object */;
			proxyType = 1;
			remoteGlobalIDString = F346804B1DBF3D2C00BF7BFA;
			remoteInfo = Tools;
		};
/* End PBXContainerItemProxy section */

/* Begin PBXFileReference section */
		F346804C1DBF3D2C00BF7BFA /* Tools.app */ = {isa = PBXFileReference; explicitFileType = wrapper.application; includeInIndex = 0; path = Tools.app; sourceTree = BUILT_PRODUCTS_DIR; };
		F34680501DBF3D2C00BF7BFA /* main.m */ = {isa = PBXFileReference; lastKnownFileType = sourcecode.c.objc; path = main.m; sourceTree = "<group>"; };
		F34680521DBF3D2C00BF7BFA /* AppDelegate.h */ = {isa = PBXFileReference; lastKnownFileType = sourcecode.c.h; path = AppDelegate.h; sourceTree = "<group>"; };
		F34680531DBF3D2C00BF7BFA /* AppDelegate.m */ = {isa = PBXFileReference; lastKnownFileType = sourcecode.c.objc; path = AppDelegate.m; sourceTree = "<group>"; };
		F34680551DBF3D2C00BF7BFA /* ViewController.h */ = {isa = PBXFileReference; lastKnownFileType = sourcecode.c.h; path = ViewController.h; sourceTree = "<group>"; };
		F34680561DBF3D2C00BF7BFA /* ViewController.m */ = {isa = PBXFileReference; lastKnownFileType = sourcecode.c.objc; path = ViewController.m; sourceTree = "<group>"; };
		F34680591DBF3D2C00BF7BFA /* Base */ = {isa = PBXFileReference; lastKnownFileType = file.storyboard; name = Base; path = Base.lproj/Main.storyboard; sourceTree = "<group>"; };
		F346805B1DBF3D2C00BF7BFA /* Assets.xcassets */ = {isa = PBXFileReference; lastKnownFileType = folder.assetcatalog; path = Assets.xcassets; sourceTree = "<group>"; };
		F346805E1DBF3D2C00BF7BFA /* Base */ = {isa = PBXFileReference; lastKnownFileType = file.storyboard; name = Base; path = Base.lproj/LaunchScreen.storyboard; sourceTree = "<group>"; };
		F34680601DBF3D2C00BF7BFA /* Info.plist */ = {isa = PBXFileReference; lastKnownFileType = text.plist.xml; path = Info.plist; sourceTree = "<group>"; };
		F34680651DBF3D2C00BF7BFA /* ToolsTests.xctest */ = {isa = PBXFileReference; explicitFileType = wrapper.cfbundle; includeInIndex = 0; path = ToolsTests.xctest; sourceTree = BUILT_PRODUCTS_DIR; };
		F34680691DBF3D2C00BF7BFA /* ToolsTests.m */ = {isa = PBXFileReference; lastKnownFileType = sourcecode.c.objc; path = ToolsTests.m; sourceTree = "<group>"; };
		F346806B1DBF3D2C00BF7BFA /* Info.plist */ = {isa = PBXFileReference; lastKnownFileType = text.plist.xml; path = Info.plist; sourceTree = "<group>"; };
		F34680701DBF3D2C00BF7BFA /* ToolsUITests.xctest */ = {isa = PBXFileReference; explicitFileType = wrapper.cfbundle; includeInIndex = 0; path = ToolsUITests.xctest; sourceTree = BUILT_PRODUCTS_DIR; };
		F34680741DBF3D2C00BF7BFA /* ToolsUITests.m */ = {isa = PBXFileReference; lastKnownFileType = sourcecode.c.objc; path = ToolsUITests.m; sourceTree = "<group>"; };
		F34680761DBF3D2C00BF7BFA /* Info.plist */ = {isa = PBXFileReference; lastKnownFileType = text.plist.xml; path = Info.plist; sourceTree = "<group>"; };
		F34680851DBF3F8C00BF7BFA /* WHISPERSTools.h */ = {isa = PBXFileReference; fileEncoding = 4; lastKnownFileType = sourcecode.c.h; path = WHISPERSTools.h; sourceTree = "<group>"; };
		F34680861DBF3F8C00BF7BFA /* WHISPERSTools.m */ = {isa = PBXFileReference; fileEncoding = 4; lastKnownFileType = sourcecode.c.objc; path = WHISPERSTools.m; sourceTree = "<group>"; };
		F3AB52511DBF40CE0053551E /* Reachability.h */ = {isa = PBXFileReference; fileEncoding = 4; lastKnownFileType = sourcecode.c.h; path = Reachability.h; sourceTree = "<group>"; };
		F3AB52521DBF40CE0053551E /* Reachability.m */ = {isa = PBXFileReference; fileEncoding = 4; lastKnownFileType = sourcecode.c.objc; path = Reachability.m; sourceTree = "<group>"; };
/* End PBXFileReference section */

/* Begin PBXFrameworksBuildPhase section */
		F34680491DBF3D2C00BF7BFA /* Frameworks */ = {
			isa = PBXFrameworksBuildPhase;
			buildActionMask = 2147483647;
			files = (
			);
			runOnlyForDeploymentPostprocessing = 0;
		};
		F34680621DBF3D2C00BF7BFA /* Frameworks */ = {
			isa = PBXFrameworksBuildPhase;
			buildActionMask = 2147483647;
			files = (
			);
			runOnlyForDeploymentPostprocessing = 0;
		};
		F346806D1DBF3D2C00BF7BFA /* Frameworks */ = {
			isa = PBXFrameworksBuildPhase;
			buildActionMask = 2147483647;
			files = (
			);
			runOnlyForDeploymentPostprocessing = 0;
		};
/* End PBXFrameworksBuildPhase section */

/* Begin PBXGroup section */
		F34680431DBF3D2C00BF7BFA = {
			isa = PBXGroup;
			children = (
				F346804E1DBF3D2C00BF7BFA /* Tools */,
				F34680681DBF3D2C00BF7BFA /* ToolsTests */,
				F34680731DBF3D2C00BF7BFA /* ToolsUITests */,
				F346804D1DBF3D2C00BF7BFA /* Products */,
			);
			sourceTree = "<group>";
		};
		F346804D1DBF3D2C00BF7BFA /* Products */ = {
			isa = PBXGroup;
			children = (
				F346804C1DBF3D2C00BF7BFA /* Tools.app */,
				F34680651DBF3D2C00BF7BFA /* ToolsTests.xctest */,
				F34680701DBF3D2C00BF7BFA /* ToolsUITests.xctest */,
			);
			name = Products;
			sourceTree = "<group>";
		};
		F346804E1DBF3D2C00BF7BFA /* Tools */ = {
			isa = PBXGroup;
			children = (
				F3AB524F1DBF40CE0053551E /* libs */,
				F34680521DBF3D2C00BF7BFA /* AppDelegate.h */,
				F34680531DBF3D2C00BF7BFA /* AppDelegate.m */,
				F34680551DBF3D2C00BF7BFA /* ViewController.h */,
				F34680561DBF3D2C00BF7BFA /* ViewController.m */,
				F34680581DBF3D2C00BF7BFA /* Main.storyboard */,
				F346805B1DBF3D2C00BF7BFA /* Assets.xcassets */,
				F346805D1DBF3D2C00BF7BFA /* LaunchScreen.storyboard */,
				F34680601DBF3D2C00BF7BFA /* Info.plist */,
				F346804F1DBF3D2C00BF7BFA /* Supporting Files */,
				F34680851DBF3F8C00BF7BFA /* WHISPERSTools.h */,
				F34680861DBF3F8C00BF7BFA /* WHISPERSTools.m */,
			);
			path = Tools;
			sourceTree = "<group>";
		};
		F346804F1DBF3D2C00BF7BFA /* Supporting Files */ = {
			isa = PBXGroup;
			children = (
				F34680501DBF3D2C00BF7BFA /* main.m */,
			);
			name = "Supporting Files";
			sourceTree = "<group>";
		};
		F34680681DBF3D2C00BF7BFA /* ToolsTests */ = {
			isa = PBXGroup;
			children = (
				F34680691DBF3D2C00BF7BFA /* ToolsTests.m */,
				F346806B1DBF3D2C00BF7BFA /* Info.plist */,
			);
			path = ToolsTests;
			sourceTree = "<group>";
		};
		F34680731DBF3D2C00BF7BFA /* ToolsUITests */ = {
			isa = PBXGroup;
			children = (
				F34680741DBF3D2C00BF7BFA /* ToolsUITests.m */,
				F34680761DBF3D2C00BF7BFA /* Info.plist */,
			);
			path = ToolsUITests;
			sourceTree = "<group>";
		};
		F3AB524F1DBF40CE0053551E /* libs */ = {
			isa = PBXGroup;
			children = (
				F3AB52501DBF40CE0053551E /* CheckNet */,
			);
			path = libs;
			sourceTree = "<group>";
		};
		F3AB52501DBF40CE0053551E /* CheckNet */ = {
			isa = PBXGroup;
			children = (
				F3AB52511DBF40CE0053551E /* Reachability.h */,
				F3AB52521DBF40CE0053551E /* Reachability.m */,
			);
			path = CheckNet;
			sourceTree = "<group>";
		};
/* End PBXGroup section */

/* Begin PBXNativeTarget section */
		F346804B1DBF3D2C00BF7BFA /* Tools */ = {
			isa = PBXNativeTarget;
			buildConfigurationList = F34680791DBF3D2C00BF7BFA /* Build configuration list for PBXNativeTarget "Tools" */;
			buildPhases = (
				F34680481DBF3D2C00BF7BFA /* Sources */,
				F34680491DBF3D2C00BF7BFA /* Frameworks */,
				F346804A1DBF3D2C00BF7BFA /* Resources */,
			);
			buildRules = (
			);
			dependencies = (
			);
			name = Tools;
			productName = Tools;
			productReference = F346804C1DBF3D2C00BF7BFA /* Tools.app */;
			productType = "com.apple.product-type.application";
		};
		F34680641DBF3D2C00BF7BFA /* ToolsTests */ = {
			isa = PBXNativeTarget;
			buildConfigurationList = F346807C1DBF3D2C00BF7BFA /* Build configuration list for PBXNativeTarget "ToolsTests" */;
			buildPhases = (
				F34680611DBF3D2C00BF7BFA /* Sources */,
				F34680621DBF3D2C00BF7BFA /* Frameworks */,
				F34680631DBF3D2C00BF7BFA /* Resources */,
			);
			buildRules = (
			);
			dependencies = (
				F34680671DBF3D2C00BF7BFA /* PBXTargetDependency */,
			);
			name = ToolsTests;
			productName = ToolsTests;
			productReference = F34680651DBF3D2C00BF7BFA /* ToolsTests.xctest */;
			productType = "com.apple.product-type.bundle.unit-test";
		};
		F346806F1DBF3D2C00BF7BFA /* ToolsUITests */ = {
			isa = PBXNativeTarget;
			buildConfigurationList = F346807F1DBF3D2C00BF7BFA /* Build configuration list for PBXNativeTarget "ToolsUITests" */;
			buildPhases = (
				F346806C1DBF3D2C00BF7BFA /* Sources */,
				F346806D1DBF3D2C00BF7BFA /* Frameworks */,
				F346806E1DBF3D2C00BF7BFA /* Resources */,
			);
			buildRules = (
			);
			dependencies = (
				F34680721DBF3D2C00BF7BFA /* PBXTargetDependency */,
			);
			name = ToolsUITests;
			productName = ToolsUITests;
			productReference = F34680701DBF3D2C00BF7BFA /* ToolsUITests.xctest */;
			productType = "com.apple.product-type.bundle.ui-testing";
		};
/* End PBXNativeTarget section */

/* Begin PBXProject section */
		F34680441DBF3D2C00BF7BFA /* Project object */ = {
			isa = PBXProject;
			attributes = {
				LastUpgradeCheck = 0800;
				ORGANIZATIONNAME = WHISPERS;
				TargetAttributes = {
					F346804B1DBF3D2C00BF7BFA = {
						CreatedOnToolsVersion = 8.0;
						DevelopmentTeam = NHQTBL567D;
						ProvisioningStyle = Automatic;
					};
					F34680641DBF3D2C00BF7BFA = {
						CreatedOnToolsVersion = 8.0;
						DevelopmentTeam = NHQTBL567D;
						ProvisioningStyle = Automatic;
						TestTargetID = F346804B1DBF3D2C00BF7BFA;
					};
					F346806F1DBF3D2C00BF7BFA = {
						CreatedOnToolsVersion = 8.0;
						DevelopmentTeam = NHQTBL567D;
						ProvisioningStyle = Automatic;
						TestTargetID = F346804B1DBF3D2C00BF7BFA;
					};
				};
			};
			buildConfigurationList = F34680471DBF3D2C00BF7BFA /* Build configuration list for PBXProject "Tools" */;
			compatibilityVersion = "Xcode 3.2";
			developmentRegion = English;
			hasScannedForEncodings = 0;
			knownRegions = (
				en,
				Base,
			);
			mainGroup = F34680431DBF3D2C00BF7BFA;
			productRefGroup = F346804D1DBF3D2C00BF7BFA /* Products */;
			projectDirPath = "";
			projectRoot = "";
			targets = (
				F346804B1DBF3D2C00BF7BFA /* Tools */,
				F34680641DBF3D2C00BF7BFA /* ToolsTests */,
				F346806F1DBF3D2C00BF7BFA /* ToolsUITests */,
			);
		};
/* End PBXProject section */

/* Begin PBXResourcesBuildPhase section */
		F346804A1DBF3D2C00BF7BFA /* Resources */ = {
			isa = PBXResourcesBuildPhase;
			buildActionMask = 2147483647;
			files = (
				F346805F1DBF3D2C00BF7BFA /* LaunchScreen.storyboard in Resources */,
				F346805C1DBF3D2C00BF7BFA /* Assets.xcassets in Resources */,
				F346805A1DBF3D2C00BF7BFA /* Main.storyboard in Resources */,
			);
			runOnlyForDeploymentPostprocessing = 0;
		};
		F34680631DBF3D2C00BF7BFA /* Resources */ = {
			isa = PBXResourcesBuildPhase;
			buildActionMask = 2147483647;
			files = (
			);
			runOnlyForDeploymentPostprocessing = 0;
		};
		F346806E1DBF3D2C00BF7BFA /* Resources */ = {
			isa = PBXResourcesBuildPhase;
			buildActionMask = 2147483647;
			files = (
			);
			runOnlyForDeploymentPostprocessing = 0;
		};
/* End PBXResourcesBuildPhase section */

/* Begin PBXSourcesBuildPhase section */
		F34680481DBF3D2C00BF7BFA /* Sources */ = {
			isa = PBXSourcesBuildPhase;
			buildActionMask = 2147483647;
			files = (
				F34680871DBF3F8C00BF7BFA /* WHISPERSTools.m in Sources */,
				F34680571DBF3D2C00BF7BFA /* ViewController.m in Sources */,
				F34680541DBF3D2C00BF7BFA /* AppDelegate.m in Sources */,
				F34680511DBF3D2C00BF7BFA /* main.m in Sources */,
				F3AB52531DBF40CE0053551E /* Reachability.m in Sources */,
			);
			runOnlyForDeploymentPostprocessing = 0;
		};
		F34680611DBF3D2C00BF7BFA /* Sources */ = {
			isa = PBXSourcesBuildPhase;
			buildActionMask = 2147483647;
			files = (
				F346806A1DBF3D2C00BF7BFA /* ToolsTests.m in Sources */,
			);
			runOnlyForDeploymentPostprocessing = 0;
		};
		F346806C1DBF3D2C00BF7BFA /* Sources */ = {
			isa = PBXSourcesBuildPhase;
			buildActionMask = 2147483647;
			files = (
				F34680751DBF3D2C00BF7BFA /* ToolsUITests.m in Sources */,
			);
			runOnlyForDeploymentPostprocessing = 0;
		};
/* End PBXSourcesBuildPhase section */

/* Begin PBXTargetDependency section */
		F34680671DBF3D2C00BF7BFA /* PBXTargetDependency */ = {
			isa = PBXTargetDependency;
			target = F346804B1DBF3D2C00BF7BFA /* Tools */;
			targetProxy = F34680661DBF3D2C00BF7BFA /* PBXContainerItemProxy */;
		};
		F34680721DBF3D2C00BF7BFA /* PBXTargetDependency */ = {
			isa = PBXTargetDependency;
			target = F346804B1DBF3D2C00BF7BFA /* Tools */;
			targetProxy = F34680711DBF3D2C00BF7BFA /* PBXContainerItemProxy */;
		};
/* End PBXTargetDependency section */

/* Begin PBXVariantGroup section */
		F34680581DBF3D2C00BF7BFA /* Main.storyboard */ = {
			isa = PBXVariantGroup;
			children = (
				F34680591DBF3D2C00BF7BFA /* Base */,
			);
			name = Main.storyboard;
			sourceTree = "<group>";
		};
		F346805D1DBF3D2C00BF7BFA /* LaunchScreen.storyboard */ = {
			isa = PBXVariantGroup;
			children = (
				F346805E1DBF3D2C00BF7BFA /* Base */,
			);
			name = LaunchScreen.storyboard;
			sourceTree = "<group>";
		};
/* End PBXVariantGroup section */

/* Begin XCBuildConfiguration section */
		F34680771DBF3D2C00BF7BFA /* Debug */ = {
			isa = XCBuildConfiguration;
			buildSettings = {
				ALWAYS_SEARCH_USER_PATHS = NO;
				CLANG_ANALYZER_NONNULL = YES;
				CLANG_CXX_LANGUAGE_STANDARD = "gnu++0x";
				CLANG_CXX_LIBRARY = "libc++";
				CLANG_ENABLE_MODULES = YES;
				CLANG_ENABLE_OBJC_ARC = YES;
				CLANG_WARN_BOOL_CONVERSION = YES;
				CLANG_WARN_CONSTANT_CONVERSION = YES;
				CLANG_WARN_DIRECT_OBJC_ISA_USAGE = YES_ERROR;
				CLANG_WARN_DOCUMENTATION_COMMENTS = YES;
				CLANG_WARN_EMPTY_BODY = YES;
				CLANG_WARN_ENUM_CONVERSION = YES;
				CLANG_WARN_INFINITE_RECURSION = YES;
				CLANG_WARN_INT_CONVERSION = YES;
				CLANG_WARN_OBJC_ROOT_CLASS = YES_ERROR;
				CLANG_WARN_SUSPICIOUS_MOVES = YES;
				CLANG_WARN_UNREACHABLE_CODE = YES;
				CLANG_WARN__DUPLICATE_METHOD_MATCH = YES;
				"CODE_SIGN_IDENTITY[sdk=iphoneos*]" = "iPhone Developer";
				COPY_PHASE_STRIP = NO;
				DEBUG_INFORMATION_FORMAT = dwarf;
				ENABLE_STRICT_OBJC_MSGSEND = YES;
				ENABLE_TESTABILITY = YES;
				GCC_C_LANGUAGE_STANDARD = gnu99;
				GCC_DYNAMIC_NO_PIC = NO;
				GCC_NO_COMMON_BLOCKS = YES;
				GCC_OPTIMIZATION_LEVEL = 0;
				GCC_PREPROCESSOR_DEFINITIONS = (
					"DEBUG=1",
					"$(inherited)",
				);
				GCC_WARN_64_TO_32_BIT_CONVERSION = YES;
				GCC_WARN_ABOUT_RETURN_TYPE = YES_ERROR;
				GCC_WARN_UNDECLARED_SELECTOR = YES;
				GCC_WARN_UNINITIALIZED_AUTOS = YES_AGGRESSIVE;
				GCC_WARN_UNUSED_FUNCTION = YES;
				GCC_WARN_UNUSED_VARIABLE = YES;
				IPHONEOS_DEPLOYMENT_TARGET = 10.0;
				MTL_ENABLE_DEBUG_INFO = YES;
				ONLY_ACTIVE_ARCH = YES;
				SDKROOT = iphoneos;
			};
			name = Debug;
		};
		F34680781DBF3D2C00BF7BFA /* Release */ = {
			isa = XCBuildConfiguration;
			buildSettings = {
				ALWAYS_SEARCH_USER_PATHS = NO;
				CLANG_ANALYZER_NONNULL = YES;
				CLANG_CXX_LANGUAGE_STANDARD = "gnu++0x";
				CLANG_CXX_LIBRARY = "libc++";
				CLANG_ENABLE_MODULES = YES;
				CLANG_ENABLE_OBJC_ARC = YES;
				CLANG_WARN_BOOL_CONVERSION = YES;
				CLANG_WARN_CONSTANT_CONVERSION = YES;
				CLANG_WARN_DIRECT_OBJC_ISA_USAGE = YES_ERROR;
				CLANG_WARN_DOCUMENTATION_COMMENTS = YES;
				CLANG_WARN_EMPTY_BODY = YES;
				CLANG_WARN_ENUM_CONVERSION = YES;
				CLANG_WARN_INFINITE_RECURSION = YES;
				CLANG_WARN_INT_CONVERSION = YES;
				CLANG_WARN_OBJC_ROOT_CLASS = YES_ERROR;
				CLANG_WARN_SUSPICIOUS_MOVES = YES;
				CLANG_WARN_UNREACHABLE_CODE = YES;
				CLANG_WARN__DUPLICATE_METHOD_MATCH = YES;
				"CODE_SIGN_IDENTITY[sdk=iphoneos*]" = "iPhone Developer";
				COPY_PHASE_STRIP = NO;
				DEBUG_INFORMATION_FORMAT = "dwarf-with-dsym";
				ENABLE_NS_ASSERTIONS = NO;
				ENABLE_STRICT_OBJC_MSGSEND = YES;
				GCC_C_LANGUAGE_STANDARD = gnu99;
				GCC_NO_COMMON_BLOCKS = YES;
				GCC_WARN_64_TO_32_BIT_CONVERSION = YES;
				GCC_WARN_ABOUT_RETURN_TYPE = YES_ERROR;
				GCC_WARN_UNDECLARED_SELECTOR = YES;
				GCC_WARN_UNINITIALIZED_AUTOS = YES_AGGRESSIVE;
				GCC_WARN_UNUSED_FUNCTION = YES;
				GCC_WARN_UNUSED_VARIABLE = YES;
				IPHONEOS_DEPLOYMENT_TARGET = 10.0;
				MTL_ENABLE_DEBUG_INFO = NO;
				SDKROOT = iphoneos;
				VALIDATE_PRODUCT = YES;
			};
			name = Release;
		};
		F346807A1DBF3D2C00BF7BFA /* Debug */ = {
			isa = XCBuildConfiguration;
			buildSettings = {
				ASSETCATALOG_COMPILER_APPICON_NAME = AppIcon;
				DEVELOPMENT_TEAM = NHQTBL567D;
				INFOPLIST_FILE = Tools/Info.plist;
				LD_RUNPATH_SEARCH_PATHS = "$(inherited) @executable_path/Frameworks";
				PRODUCT_BUNDLE_IDENTIFIER = com.whispers.Tools;
				PRODUCT_NAME = "$(TARGET_NAME)";
			};
			name = Debug;
		};
		F346807B1DBF3D2C00BF7BFA /* Release */ = {
			isa = XCBuildConfiguration;
			buildSettings = {
				ASSETCATALOG_COMPILER_APPICON_NAME = AppIcon;
				DEVELOPMENT_TEAM = NHQTBL567D;
				INFOPLIST_FILE = Tools/Info.plist;
				LD_RUNPATH_SEARCH_PATHS = "$(inherited) @executable_path/Frameworks";
				PRODUCT_BUNDLE_IDENTIFIER = com.whispers.Tools;
				PRODUCT_NAME = "$(TARGET_NAME)";
			};
			name = Release;
		};
		F346807D1DBF3D2C00BF7BFA /* Debug */ = {
			isa = XCBuildConfiguration;
			buildSettings = {
				BUNDLE_LOADER = "$(TEST_HOST)";
				DEVELOPMENT_TEAM = NHQTBL567D;
				INFOPLIST_FILE = ToolsTests/Info.plist;
				LD_RUNPATH_SEARCH_PATHS = "$(inherited) @executable_path/Frameworks @loader_path/Frameworks";
				PRODUCT_BUNDLE_IDENTIFIER = com.whispers.ToolsTests;
				PRODUCT_NAME = "$(TARGET_NAME)";
				TEST_HOST = "$(BUILT_PRODUCTS_DIR)/Tools.app/Tools";
			};
			name = Debug;
		};
		F346807E1DBF3D2C00BF7BFA /* Release */ = {
			isa = XCBuildConfiguration;
			buildSettings = {
				BUNDLE_LOADER = "$(TEST_HOST)";
				DEVELOPMENT_TEAM = NHQTBL567D;
				INFOPLIST_FILE = ToolsTests/Info.plist;
				LD_RUNPATH_SEARCH_PATHS = "$(inherited) @executable_path/Frameworks @loader_path/Frameworks";
				PRODUCT_BUNDLE_IDENTIFIER = com.whispers.ToolsTests;
				PRODUCT_NAME = "$(TARGET_NAME)";
				TEST_HOST = "$(BUILT_PRODUCTS_DIR)/Tools.app/Tools";
			};
			name = Release;
		};
		F34680801DBF3D2C00BF7BFA /* Debug */ = {
			isa = XCBuildConfiguration;
			buildSettings = {
				DEVELOPMENT_TEAM = NHQTBL567D;
				INFOPLIST_FILE = ToolsUITests/Info.plist;
				LD_RUNPATH_SEARCH_PATHS = "$(inherited) @executable_path/Frameworks @loader_path/Frameworks";
				PRODUCT_BUNDLE_IDENTIFIER = com.whispers.ToolsUITests;
				PRODUCT_NAME = "$(TARGET_NAME)";
				TEST_TARGET_NAME = Tools;
			};
			name = Debug;
		};
		F34680811DBF3D2C00BF7BFA /* Release */ = {
			isa = XCBuildConfiguration;
			buildSettings = {
				DEVELOPMENT_TEAM = NHQTBL567D;
				INFOPLIST_FILE = ToolsUITests/Info.plist;
				LD_RUNPATH_SEARCH_PATHS = "$(inherited) @executable_path/Frameworks @loader_path/Frameworks";
				PRODUCT_BUNDLE_IDENTIFIER = com.whispers.ToolsUITests;
				PRODUCT_NAME = "$(TARGET_NAME)";
				TEST_TARGET_NAME = Tools;
			};
			name = Release;
		};
/* End XCBuildConfiguration section */

/* Begin XCConfigurationList section */
		F34680471DBF3D2C00BF7BFA /* Build configuration list for PBXProject "Tools" */ = {
			isa = XCConfigurationList;
			buildConfigurations = (
				F34680771DBF3D2C00BF7BFA /* Debug */,
				F34680781DBF3D2C00BF7BFA /* Release */,
			);
			defaultConfigurationIsVisible = 0;
			defaultConfigurationName = Release;
		};
		F34680791DBF3D2C00BF7BFA /* Build configuration list for PBXNativeTarget "Tools" */ = {
			isa = XCConfigurationList;
			buildConfigurations = (
				F346807A1DBF3D2C00BF7BFA /* Debug */,
				F346807B1DBF3D2C00BF7BFA /* Release */,
			);
			defaultConfigurationIsVisible = 0;
			defaultConfigurationName = Release;
		};
		F346807C1DBF3D2C00BF7BFA /* Build configuration list for PBXNativeTarget "ToolsTests" */ = {
			isa = XCConfigurationList;
			buildConfigurations = (
				F346807D1DBF3D2C00BF7BFA /* Debug */,
				F346807E1DBF3D2C00BF7BFA /* Release */,
			);
			defaultConfigurationIsVisible = 0;
			defaultConfigurationName = Release;
		};
		F346807F1DBF3D2C00BF7BFA /* Build configuration list for PBXNativeTarget "ToolsUITests" */ = {
			isa = XCConfigurationList;
			buildConfigurations = (
				F34680801DBF3D2C00BF7BFA /* Debug */,
				F34680811DBF3D2C00BF7BFA /* Release */,
			);
			defaultConfigurationIsVisible = 0;
			defaultConfigurationName = Release;
		};
/* End XCConfigurationList section */
	};
	rootObject = F34680441DBF3D2C00BF7BFA /* Project object */;
}
